<?xml version="1.0" encoding="utf-8"?>
<Project ToolsVersion="4.0" xmlns="http://schemas.microsoft.com/developer/msbuild/2003">
  <ItemGroup>
    <Filter Include="Source Files">
      <UniqueIdentifier>{4FC737F1-C7A5-4376-A066-2A32D752A2FF}</UniqueIdentifier>
      <Extensions>cpp;c;cc;cxx;def;odl;idl;hpj;bat;asm;asmx</Extensions>
    </Filter>
    <Filter Include="Header Files">
      <UniqueIdentifier>{93995380-89BD-4b04-88EB-625FBE52EBFB}</UniqueIdentifier>
      <Extensions>h;hpp;hxx;hm;inl;inc;xsd</Extensions>
    </Filter>
    <Filter Include="Resource Files">
      <UniqueIdentifier>{67DA6AB6-F800-4c08-8B7A-83BB121AAD01}</UniqueIdentifier>
      <Extensions>rc;ico;cur;bmp;dlg;rc2;rct;bin;rgs;gif;jpg;jpeg;jpe;resx;tiff;tif;png;wav;mfcribbon-ms</Extensions>
    </Filter>
  </ItemGroup>
  <ItemGroup>
    <None Include="ReadMe.txt" />
  </ItemGroup>
  <ItemGroup>
    <ClInclude Include="stdafx.h">
      <Filter>Header Files</Filter>
    </ClInclude>
    <ClInclude Include="targetver.h">
      <Filter>Header Files</Filter>
    </ClInclude>
    <ClInclude Include="BaseClass.h">
      <Filter>Header Files</Filter>
    </ClInclude>
    <ClInclude Include="ByteUtil.h">
      <Filter>Header Files</Filter>
    </ClInclude>
    <ClInclude Include="Coder.h">
      <Filter>Header Files</Filter>
    </ClInclude>
    <ClInclude Include="FakeCoder.h">
      <Filter>Header Files</Filter>
    </ClInclude>
    <ClInclude Include="BinaryMatrix.h">
      <Filter>Header Files</Filter>
    </ClInclude>
    <ClInclude Include="PMatrixColGenerator.h">
      <Filter>Header Files</Filter>
    </ClInclude>
    <ClInclude Include="HemmingCoder.h">
      <Filter>Header Files</Filter>
    </ClInclude>
    <ClInclude Include="DataBlockGenerator.h">
      <Filter>Header Files</Filter>
    </ClInclude>
    <ClInclude Include="RandomDataBlockGenerator.h">
      <Filter>Header Files</Filter>
    </ClInclude>
    <ClInclude Include="ModelingResultItem.h">
      <Filter>Header Files</Filter>
    </ClInclude>
    <ClInclude Include="ModelingEngine.h">
      <Filter>Header Files</Filter>
    </ClInclude>
    <ClInclude Include="ModelingResultItemStorage.h">
      <Filter>Header Files</Filter>
    </ClInclude>
    <ClInclude Include="ModelingResultConsoleItemStorage.h">
      <Filter>Header Files</Filter>
    </ClInclude>
  </ItemGroup>
  <ItemGroup>
    <ClCompile Include="stdafx.cpp">
      <Filter>Source Files</Filter>
    </ClCompile>
    <ClCompile Include="BaseClass.cpp">
      <Filter>Source Files</Filter>
    </ClCompile>
    <ClCompile Include="ByteUtil.cpp">
      <Filter>Source Files</Filter>
    </ClCompile>
    <ClCompile Include="Coder.cpp">
      <Filter>Source Files</Filter>
    </ClCompile>
    <ClCompile Include="FakeCoder.cpp">
      <Filter>Source Files</Filter>
    </ClCompile>
    <ClCompile Include="BinaryMatrix.cpp">
      <Filter>Source Files</Filter>
    </ClCompile>
    <ClCompile Include="PMatrixColGenerator.cpp">
      <Filter>Source Files</Filter>
    </ClCompile>
    <ClCompile Include="HemmingCoder.cpp">
      <Filter>Source Files</Filter>
    </ClCompile>
    <ClCompile Include="DataBlockGenerator.cpp">
      <Filter>Source Files</Filter>
    </ClCompile>
    <ClCompile Include="RandomDataBlockGenerator.cpp">
      <Filter>Source Files</Filter>
    </ClCompile>
    <ClCompile Include="MainEntryPoint.cpp">
      <Filter>Source Files</Filter>
    </ClCompile>
    <ClCompile Include="ModelingResultItem.cpp">
      <Filter>Source Files</Filter>
    </ClCompile>
    <ClCompile Include="ModelingEngine.cpp">
      <Filter>Source Files</Filter>
    </ClCompile>
    <ClCompile Include="ModelingResultItemStorage.cpp">
      <Filter>Source Files</Filter>
    </ClCompile>
    <ClCompile Include="ModelingResultConsoleItemStorage.cpp">
      <Filter>Source Files</Filter>
    </ClCompile>
  </ItemGroup>
</Project>